// !$*UTF8*$!
{
	archiveVersion = 1;
	classes = {
	};
	objectVersion = 50;
	objects = {

/* Begin PBXBuildFile section */
		7BF03E7921437D490023833B /* AppDelegate.m in Sources */ = {isa = PBXBuildFile; fileRef = 7BF03E7821437D490023833B /* AppDelegate.m */; };
		7BF03E7C21437D490023833B /* ViewController.m in Sources */ = {isa = PBXBuildFile; fileRef = 7BF03E7B21437D490023833B /* ViewController.m */; };
		7BF03E7F21437D490023833B /* Main.storyboard in Resources */ = {isa = PBXBuildFile; fileRef = 7BF03E7D21437D490023833B /* Main.storyboard */; };
		7BF03E8121437D4C0023833B /* Assets.xcassets in Resources */ = {isa = PBXBuildFile; fileRef = 7BF03E8021437D4C0023833B /* Assets.xcassets */; };
		7BF03E8421437D4C0023833B /* LaunchScreen.storyboard in Resources */ = {isa = PBXBuildFile; fileRef = 7BF03E8221437D4C0023833B /* LaunchScreen.storyboard */; };
		7BF03E8721437D4C0023833B /* main.m in Sources */ = {isa = PBXBuildFile; fileRef = 7BF03E8621437D4C0023833B /* main.m */; };
		7BF03E9121437D4C0023833B /* Currency_converterTests.m in Sources */ = {isa = PBXBuildFile; fileRef = 7BF03E9021437D4C0023833B /* Currency_converterTests.m */; };
		7BF03E9C21437D4C0023833B /* Currency_converterUITests.m in Sources */ = {isa = PBXBuildFile; fileRef = 7BF03E9B21437D4C0023833B /* Currency_converterUITests.m */; };
/* End PBXBuildFile section */

/* Begin PBXContainerItemProxy section */
		7BF03E8D21437D4C0023833B /* PBXContainerItemProxy */ = {
			isa = PBXContainerItemProxy;
			containerPortal = 7BF03E6C21437D490023833B /* Project object */;
			proxyType = 1;
			remoteGlobalIDString = 7BF03E7321437D490023833B;
			remoteInfo = Currency_converter;
		};
		7BF03E9821437D4C0023833B /* PBXContainerItemProxy */ = {
			isa = PBXContainerItemProxy;
			containerPortal = 7BF03E6C21437D490023833B /* Project object */;
			proxyType = 1;
			remoteGlobalIDString = 7BF03E7321437D490023833B;
			remoteInfo = Currency_converter;
		};
/* End PBXContainerItemProxy section */

/* Begin PBXFileReference section */
		7BF03E7421437D490023833B /* Currency_converter.app */ = {isa = PBXFileReference; explicitFileType = wrapper.application; includeInIndex = 0; path = Currency_converter.app; sourceTree = BUILT_PRODUCTS_DIR; };
		7BF03E7721437D490023833B /* AppDelegate.h */ = {isa = PBXFileReference; lastKnownFileType = sourcecode.c.h; path = AppDelegate.h; sourceTree = "<group>"; };
		7BF03E7821437D490023833B /* AppDelegate.m */ = {isa = PBXFileReference; lastKnownFileType = sourcecode.c.objc; path = AppDelegate.m; sourceTree = "<group>"; };
		7BF03E7A21437D490023833B /* ViewController.h */ = {isa = PBXFileReference; lastKnownFileType = sourcecode.c.h; path = ViewController.h; sourceTree = "<group>"; };
		7BF03E7B21437D490023833B /* ViewController.m */ = {isa = PBXFileReference; lastKnownFileType = sourcecode.c.objc; path = ViewController.m; sourceTree = "<group>"; };
		7BF03E7E21437D490023833B /* Base */ = {isa = PBXFileReference; lastKnownFileType = file.storyboard; name = Base; path = Base.lproj/Main.storyboard; sourceTree = "<group>"; };
		7BF03E8021437D4C0023833B /* Assets.xcassets */ = {isa = PBXFileReference; lastKnownFileType = folder.assetcatalog; path = Assets.xcassets; sourceTree = "<group>"; };
		7BF03E8321437D4C0023833B /* Base */ = {isa = PBXFileReference; lastKnownFileType = file.storyboard; name = Base; path = Base.lproj/LaunchScreen.storyboard; sourceTree = "<group>"; };
		7BF03E8521437D4C0023833B /* Info.plist */ = {isa = PBXFileReference; lastKnownFileType = text.plist.xml; path = Info.plist; sourceTree = "<group>"; };
		7BF03E8621437D4C0023833B /* main.m */ = {isa = PBXFileReference; lastKnownFileType = sourcecode.c.objc; path = main.m; sourceTree = "<group>"; };
		7BF03E8C21437D4C0023833B /* Currency_converterTests.xctest */ = {isa = PBXFileReference; explicitFileType = wrapper.cfbundle; includeInIndex = 0; path = Currency_converterTests.xctest; sourceTree = BUILT_PRODUCTS_DIR; };
		7BF03E9021437D4C0023833B /* Currency_converterTests.m */ = {isa = PBXFileReference; lastKnownFileType = sourcecode.c.objc; path = Currency_converterTests.m; sourceTree = "<group>"; };
		7BF03E9221437D4C0023833B /* Info.plist */ = {isa = PBXFileReference; lastKnownFileType = text.plist.xml; path = Info.plist; sourceTree = "<group>"; };
		7BF03E9721437D4C0023833B /* Currency_converterUITests.xctest */ = {isa = PBXFileReference; explicitFileType = wrapper.cfbundle; includeInIndex = 0; path = Currency_converterUITests.xctest; sourceTree = BUILT_PRODUCTS_DIR; };
		7BF03E9B21437D4C0023833B /* Currency_converterUITests.m */ = {isa = PBXFileReference; lastKnownFileType = sourcecode.c.objc; path = Currency_converterUITests.m; sourceTree = "<group>"; };
		7BF03E9D21437D4C0023833B /* Info.plist */ = {isa = PBXFileReference; lastKnownFileType = text.plist.xml; path = Info.plist; sourceTree = "<group>"; };
/* End PBXFileReference section */

/* Begin PBXFrameworksBuildPhase section */
		7BF03E7121437D490023833B /* Frameworks */ = {
			isa = PBXFrameworksBuildPhase;
			buildActionMask = 2147483647;
			files = (
			);
			runOnlyForDeploymentPostprocessing = 0;
		};
		7BF03E8921437D4C0023833B /* Frameworks */ = {
			isa = PBXFrameworksBuildPhase;
			buildActionMask = 2147483647;
			files = (
			);
			runOnlyForDeploymentPostprocessing = 0;
		};
		7BF03E9421437D4C0023833B /* Frameworks */ = {
			isa = PBXFrameworksBuildPhase;
			buildActionMask = 2147483647;
			files = (
			);
			runOnlyForDeploymentPostprocessing = 0;
		};
/* End PBXFrameworksBuildPhase section */

/* Begin PBXGroup section */
		7BF03E6B21437D490023833B = {
			isa = PBXGroup;
			children = (
				7BF03E7621437D490023833B /* Currency_converter */,
				7BF03E8F21437D4C0023833B /* Currency_converterTests */,
				7BF03E9A21437D4C0023833B /* Currency_converterUITests */,
				7BF03E7521437D490023833B /* Products */,
			);
			sourceTree = "<group>";
		};
		7BF03E7521437D490023833B /* Products */ = {
			isa = PBXGroup;
			children = (
				7BF03E7421437D490023833B /* Currency_converter.app */,
				7BF03E8C21437D4C0023833B /* Currency_converterTests.xctest */,
				7BF03E9721437D4C0023833B /* Currency_converterUITests.xctest */,
			);
			name = Products;
			sourceTree = "<group>";
		};
		7BF03E7621437D490023833B /* Currency_converter */ = {
			isa = PBXGroup;
			children = (
				7BF03E7721437D490023833B /* AppDelegate.h */,
				7BF03E7821437D490023833B /* AppDelegate.m */,
				7BF03E7A21437D490023833B /* ViewController.h */,
				7BF03E7B21437D490023833B /* ViewController.m */,
				7BF03E7D21437D490023833B /* Main.storyboard */,
				7BF03E8021437D4C0023833B /* Assets.xcassets */,
				7BF03E8221437D4C0023833B /* LaunchScreen.storyboard */,
				7BF03E8521437D4C0023833B /* Info.plist */,
				7BF03E8621437D4C0023833B /* main.m */,
			);
			path = Currency_converter;
			sourceTree = "<group>";
		};
		7BF03E8F21437D4C0023833B /* Currency_converterTests */ = {
			isa = PBXGroup;
			children = (
				7BF03E9021437D4C0023833B /* Currency_converterTests.m */,
				7BF03E9221437D4C0023833B /* Info.plist */,
			);
			path = Currency_converterTests;
			sourceTree = "<group>";
		};
		7BF03E9A21437D4C0023833B /* Currency_converterUITests */ = {
			isa = PBXGroup;
			children = (
				7BF03E9B21437D4C0023833B /* Currency_converterUITests.m */,
				7BF03E9D21437D4C0023833B /* Info.plist */,
			);
			path = Currency_converterUITests;
			sourceTree = "<group>";
		};
/* End PBXGroup section */

/* Begin PBXNativeTarget section */
		7BF03E7321437D490023833B /* Currency_converter */ = {
			isa = PBXNativeTarget;
			buildConfigurationList = 7BF03EA021437D4C0023833B /* Build configuration list for PBXNativeTarget "Currency_converter" */;
			buildPhases = (
				7BF03E7021437D490023833B /* Sources */,
				7BF03E7121437D490023833B /* Frameworks */,
				7BF03E7221437D490023833B /* Resources */,
			);
			buildRules = (
			);
			dependencies = (
			);
			name = Currency_converter;
			productName = Currency_converter;
			productReference = 7BF03E7421437D490023833B /* Currency_converter.app */;
			productType = "com.apple.product-type.application";
		};
		7BF03E8B21437D4C0023833B /* Currency_converterTests */ = {
			isa = PBXNativeTarget;
			buildConfigurationList = 7BF03EA321437D4C0023833B /* Build configuration list for PBXNativeTarget "Currency_converterTests" */;
			buildPhases = (
				7BF03E8821437D4C0023833B /* Sources */,
				7BF03E8921437D4C0023833B /* Frameworks */,
				7BF03E8A21437D4C0023833B /* Resources */,
			);
			buildRules = (
			);
			dependencies = (
				7BF03E8E21437D4C0023833B /* PBXTargetDependency */,
			);
			name = Currency_converterTests;
			productName = Currency_converterTests;
			productReference = 7BF03E8C21437D4C0023833B /* Currency_converterTests.xctest */;
			productType = "com.apple.product-type.bundle.unit-test";
		};
		7BF03E9621437D4C0023833B /* Currency_converterUITests */ = {
			isa = PBXNativeTarget;
			buildConfigurationList = 7BF03EA621437D4C0023833B /* Build configuration list for PBXNativeTarget "Currency_converterUITests" */;
			buildPhases = (
				7BF03E9321437D4C0023833B /* Sources */,
				7BF03E9421437D4C0023833B /* Frameworks */,
				7BF03E9521437D4C0023833B /* Resources */,
			);
			buildRules = (
			);
			dependencies = (
				7BF03E9921437D4C0023833B /* PBXTargetDependency */,
			);
			name = Currency_converterUITests;
			productName = Currency_converterUITests;
			productReference = 7BF03E9721437D4C0023833B /* Currency_converterUITests.xctest */;
			productType = "com.apple.product-type.bundle.ui-testing";
		};
/* End PBXNativeTarget section */

/* Begin PBXProject section */
		7BF03E6C21437D490023833B /* Project object */ = {
			isa = PBXProject;
			attributes = {
				LastUpgradeCheck = 1000;
				ORGANIZATIONNAME = Dhrubo;
				TargetAttributes = {
					7BF03E7321437D490023833B = {
						CreatedOnToolsVersion = 10.0;
					};
					7BF03E8B21437D4C0023833B = {
						CreatedOnToolsVersion = 10.0;
						TestTargetID = 7BF03E7321437D490023833B;
					};
					7BF03E9621437D4C0023833B = {
						CreatedOnToolsVersion = 10.0;
						TestTargetID = 7BF03E7321437D490023833B;
					};
				};
			};
			buildConfigurationList = 7BF03E6F21437D490023833B /* Build configuration list for PBXProject "Currency_converter" */;
			compatibilityVersion = "Xcode 9.3";
			developmentRegion = en;
			hasScannedForEncodings = 0;
			knownRegions = (
				en,
				Base,
			);
			mainGroup = 7BF03E6B21437D490023833B;
			productRefGroup = 7BF03E7521437D490023833B /* Products */;
			projectDirPath = "";
			projectRoot = "";
			targets = (
				7BF03E7321437D490023833B /* Currency_converter */,
				7BF03E8B21437D4C0023833B /* Currency_converterTests */,
				7BF03E9621437D4C0023833B /* Currency_converterUITests */,
			);
		};
/* End PBXProject section */

/* Begin PBXResourcesBuildPhase section */
		7BF03E7221437D490023833B /* Resources */ = {
			isa = PBXResourcesBuildPhase;
			buildActionMask = 2147483647;
			files = (
				7BF03E8421437D4C0023833B /* LaunchScreen.storyboard in Resources */,
				7BF03E8121437D4C0023833B /* Assets.xcassets in Resources */,
				7BF03E7F21437D490023833B /* Main.storyboard in Resources */,
			);
			runOnlyForDeploymentPostprocessing = 0;
		};
		7BF03E8A21437D4C0023833B /* Resources */ = {
			isa = PBXResourcesBuildPhase;
			buildActionMask = 2147483647;
			files = (
			);
			runOnlyForDeploymentPostprocessing = 0;
		};
		7BF03E9521437D4C0023833B /* Resources */ = {
			isa = PBXResourcesBuildPhase;
			buildActionMask = 2147483647;
			files = (
			);
			runOnlyForDeploymentPostprocessing = 0;
		};
/* End PBXResourcesBuildPhase section */

/* Begin PBXSourcesBuildPhase section */
		7BF03E7021437D490023833B /* Sources */ = {
			isa = PBXSourcesBuildPhase;
			buildActionMask = 2147483647;
			files = (
				7BF03E7C21437D490023833B /* ViewController.m in Sources */,
				7BF03E8721437D4C0023833B /* main.m in Sources */,
				7BF03E7921437D490023833B /* AppDelegate.m in Sources */,
			);
			runOnlyForDeploymentPostprocessing = 0;
		};
		7BF03E8821437D4C0023833B /* Sources */ = {
			isa = PBXSourcesBuildPhase;
			buildActionMask = 2147483647;
			files = (
				7BF03E9121437D4C0023833B /* Currency_converterTests.m in Sources */,
			);
			runOnlyForDeploymentPostprocessing = 0;
		};
		7BF03E9321437D4C0023833B /* Sources */ = {
			isa = PBXSourcesBuildPhase;
			buildActionMask = 2147483647;
			files = (
				7BF03E9C21437D4C0023833B /* Currency_converterUITests.m in Sources */,
			);
			runOnlyForDeploymentPostprocessing = 0;
		};
/* End PBXSourcesBuildPhase section */

/* Begin PBXTargetDependency section */
		7BF03E8E21437D4C0023833B /* PBXTargetDependency */ = {
			isa = PBXTargetDependency;
			target = 7BF03E7321437D490023833B /* Currency_converter */;
			targetProxy = 7BF03E8D21437D4C0023833B /* PBXContainerItemProxy */;
		};
		7BF03E9921437D4C0023833B /* PBXTargetDependency */ = {
			isa = PBXTargetDependency;
			target = 7BF03E7321437D490023833B /* Currency_converter */;
			targetProxy = 7BF03E9821437D4C0023833B /* PBXContainerItemProxy */;
		};
/* End PBXTargetDependency section */

/* Begin PBXVariantGroup section */
		7BF03E7D21437D490023833B /* Main.storyboard */ = {
			isa = PBXVariantGroup;
			children = (
				7BF03E7E21437D490023833B /* Base */,
			);
			name = Main.storyboard;
			sourceTree = "<group>";
		};
		7BF03E8221437D4C0023833B /* LaunchScreen.storyboard */ = {
			isa = PBXVariantGroup;
			children = (
				7BF03E8321437D4C0023833B /* Base */,
			);
			name = LaunchScreen.storyboard;
			sourceTree = "<group>";
		};
/* End PBXVariantGroup section */

/* Begin XCBuildConfiguration section */
		7BF03E9E21437D4C0023833B /* Debug */ = {
			isa = XCBuildConfiguration;
			buildSettings = {
				ALWAYS_SEARCH_USER_PATHS = NO;
				CLANG_ANALYZER_NONNULL = YES;
				CLANG_ANALYZER_NUMBER_OBJECT_CONVERSION = YES_AGGRESSIVE;
				CLANG_CXX_LANGUAGE_STANDARD = "gnu++14";
				CLANG_CXX_LIBRARY = "libc++";
				CLANG_ENABLE_MODULES = YES;
				CLANG_ENABLE_OBJC_ARC = YES;
				CLANG_ENABLE_OBJC_WEAK = YES;
				CLANG_WARN_BLOCK_CAPTURE_AUTORELEASING = YES;
				CLANG_WARN_BOOL_CONVERSION = YES;
				CLANG_WARN_COMMA = YES;
				CLANG_WARN_CONSTANT_CONVERSION = YES;
				CLANG_WARN_DEPRECATED_OBJC_IMPLEMENTATIONS = YES;
				CLANG_WARN_DIRECT_OBJC_ISA_USAGE = YES_ERROR;
				CLANG_WARN_DOCUMENTATION_COMMENTS = YES;
				CLANG_WARN_EMPTY_BODY = YES;
				CLANG_WARN_ENUM_CONVERSION = YES;
				CLANG_WARN_INFINITE_RECURSION = YES;
				CLANG_WARN_INT_CONVERSION = YES;
				CLANG_WARN_NON_LITERAL_NULL_CONVERSION = YES;
				CLANG_WARN_OBJC_IMPLICIT_RETAIN_SELF = YES;
				CLANG_WARN_OBJC_LITERAL_CONVERSION = YES;
				CLANG_WARN_OBJC_ROOT_CLASS = YES_ERROR;
				CLANG_WARN_RANGE_LOOP_ANALYSIS = YES;
				CLANG_WARN_STRICT_PROTOTYPES = YES;
				CLANG_WARN_SUSPICIOUS_MOVE = YES;
				CLANG_WARN_UNGUARDED_AVAILABILITY = YES_AGGRESSIVE;
				CLANG_WARN_UNREACHABLE_CODE = YES;
				CLANG_WARN__DUPLICATE_METHOD_MATCH = YES;
				CODE_SIGN_IDENTITY = "iPhone Developer";
				COPY_PHASE_STRIP = NO;
				DEBUG_INFORMATION_FORMAT = dwarf;
				ENABLE_STRICT_OBJC_MSGSEND = YES;
				ENABLE_TESTABILITY = YES;
				GCC_C_LANGUAGE_STANDARD = gnu11;
				GCC_DYNAMIC_NO_PIC = NO;
				GCC_NO_COMMON_BLOCKS = YES;
				GCC_OPTIMIZATION_LEVEL = 0;
				GCC_PREPROCESSOR_DEFINITIONS = (
					"DEBUG=1",
					"$(inherited)",
				);
				GCC_WARN_64_TO_32_BIT_CONVERSION = YES;
				GCC_WARN_ABOUT_RETURN_TYPE = YES_ERROR;
				GCC_WARN_UNDECLARED_SELECTOR = YES;
				GCC_WARN_UNINITIALIZED_AUTOS = YES_AGGRESSIVE;
				GCC_WARN_UNUSED_FUNCTION = YES;
				GCC_WARN_UNUSED_VARIABLE = YES;
				IPHONEOS_DEPLOYMENT_TARGET = 12.0;
				MTL_ENABLE_DEBUG_INFO = INCLUDE_SOURCE;
				MTL_FAST_MATH = YES;
				ONLY_ACTIVE_ARCH = YES;
				SDKROOT = iphoneos;
			};
			name = Debug;
		};
		7BF03E9F21437D4C0023833B /* Release */ = {
			isa = XCBuildConfiguration;
			buildSettings = {
				ALWAYS_SEARCH_USER_PATHS = NO;
				CLANG_ANALYZER_NONNULL = YES;
				CLANG_ANALYZER_NUMBER_OBJECT_CONVERSION = YES_AGGRESSIVE;
				CLANG_CXX_LANGUAGE_STANDARD = "gnu++14";
				CLANG_CXX_LIBRARY = "libc++";
				CLANG_ENABLE_MODULES = YES;
				CLANG_ENABLE_OBJC_ARC = YES;
				CLANG_ENABLE_OBJC_WEAK = YES;
				CLANG_WARN_BLOCK_CAPTURE_AUTORELEASING = YES;
				CLANG_WARN_BOOL_CONVERSION = YES;
				CLANG_WARN_COMMA = YES;
				CLANG_WARN_CONSTANT_CONVERSION = YES;
				CLANG_WARN_DEPRECATED_OBJC_IMPLEMENTATIONS = YES;
				CLANG_WARN_DIRECT_OBJC_ISA_USAGE = YES_ERROR;
				CLANG_WARN_DOCUMENTATION_COMMENTS = YES;
				CLANG_WARN_EMPTY_BODY = YES;
				CLANG_WARN_ENUM_CONVERSION = YES;
				CLANG_WARN_INFINITE_RECURSION = YES;
				CLANG_WARN_INT_CONVERSION = YES;
				CLANG_WARN_NON_LITERAL_NULL_CONVERSION = YES;
				CLANG_WARN_OBJC_IMPLICIT_RETAIN_SELF = YES;
				CLANG_WARN_OBJC_LITERAL_CONVERSION = YES;
				CLANG_WARN_OBJC_ROOT_CLASS = YES_ERROR;
				CLANG_WARN_RANGE_LOOP_ANALYSIS = YES;
				CLANG_WARN_STRICT_PROTOTYPES = YES;
				CLANG_WARN_SUSPICIOUS_MOVE = YES;
				CLANG_WARN_UNGUARDED_AVAILABILITY = YES_AGGRESSIVE;
				CLANG_WARN_UNREACHABLE_CODE = YES;
				CLANG_WARN__DUPLICATE_METHOD_MATCH = YES;
				CODE_SIGN_IDENTITY = "iPhone Developer";
				COPY_PHASE_STRIP = NO;
				DEBUG_INFORMATION_FORMAT = "dwarf-with-dsym";
				ENABLE_NS_ASSERTIONS = NO;
				ENABLE_STRICT_OBJC_MSGSEND = YES;
				GCC_C_LANGUAGE_STANDARD = gnu11;
				GCC_NO_COMMON_BLOCKS = YES;
				GCC_WARN_64_TO_32_BIT_CONVERSION = YES;
				GCC_WARN_ABOUT_RETURN_TYPE = YES_ERROR;
				GCC_WARN_UNDECLARED_SELECTOR = YES;
				GCC_WARN_UNINITIALIZED_AUTOS = YES_AGGRESSIVE;
				GCC_WARN_UNUSED_FUNCTION = YES;
				GCC_WARN_UNUSED_VARIABLE = YES;
				IPHONEOS_DEPLOYMENT_TARGET = 12.0;
				MTL_ENABLE_DEBUG_INFO = NO;
				MTL_FAST_MATH = YES;
				SDKROOT = iphoneos;
				VALIDATE_PRODUCT = YES;
			};
			name = Release;
		};
		7BF03EA121437D4C0023833B /* Debug */ = {
			isa = XCBuildConfiguration;
			buildSettings = {
				ASSETCATALOG_COMPILER_APPICON_NAME = AppIcon;
				CODE_SIGN_STYLE = Automatic;
				INFOPLIST_FILE = Currency_converter/Info.plist;
				LD_RUNPATH_SEARCH_PATHS = (
					"$(inherited)",
					"@executable_path/Frameworks",
				);
				PRODUCT_BUNDLE_IDENTIFIER = "com.dhrubo.testclass.Currency-converter";
				PRODUCT_NAME = "$(TARGET_NAME)";
				TARGETED_DEVICE_FAMILY = "1,2";
			};
			name = Debug;
		};
		7BF03EA221437D4C0023833B /* Release */ = {
			isa = XCBuildConfiguration;
			buildSettings = {
				ASSETCATALOG_COMPILER_APPICON_NAME = AppIcon;
				CODE_SIGN_STYLE = Automatic;
				INFOPLIST_FILE = Currency_converter/Info.plist;
				LD_RUNPATH_SEARCH_PATHS = (
					"$(inherited)",
					"@executable_path/Frameworks",
				);
				PRODUCT_BUNDLE_IDENTIFIER = "com.dhrubo.testclass.Currency-converter";
				PRODUCT_NAME = "$(TARGET_NAME)";
				TARGETED_DEVICE_FAMILY = "1,2";
			};
			name = Release;
		};
		7BF03EA421437D4C0023833B /* Debug */ = {
			isa = XCBuildConfiguration;
			buildSettings = {
				BUNDLE_LOADER = "$(TEST_HOST)";
				CODE_SIGN_STYLE = Automatic;
				INFOPLIST_FILE = Currency_converterTests/Info.plist;
				LD_RUNPATH_SEARCH_PATHS = (
					"$(inherited)",
					"@executable_path/Frameworks",
					"@loader_path/Frameworks",
				);
				PRODUCT_BUNDLE_IDENTIFIER = "com.dhrubo.testclass.Currency-converterTests";
				PRODUCT_NAME = "$(TARGET_NAME)";
				TARGETED_DEVICE_FAMILY = "1,2";
				TEST_HOST = "$(BUILT_PRODUCTS_DIR)/Currency_converter.app/Currency_converter";
			};
			name = Debug;
		};
		7BF03EA521437D4C0023833B /* Release */ = {
			isa = XCBuildConfiguration;
			buildSettings = {
				BUNDLE_LOADER = "$(TEST_HOST)";
				CODE_SIGN_STYLE = Automatic;
				INFOPLIST_FILE = Currency_converterTests/Info.plist;
				LD_RUNPATH_SEARCH_PATHS = (
					"$(inherited)",
					"@executable_path/Frameworks",
					"@loader_path/Frameworks",
				);
				PRODUCT_BUNDLE_IDENTIFIER = "com.dhrubo.testclass.Currency-converterTests";
				PRODUCT_NAME = "$(TARGET_NAME)";
				TARGETED_DEVICE_FAMILY = "1,2";
				TEST_HOST = "$(BUILT_PRODUCTS_DIR)/Currency_converter.app/Currency_converter";
			};
			name = Release;
		};
		7BF03EA721437D4C0023833B /* Debug */ = {
			isa = XCBuildConfiguration;
			buildSettings = {
				CODE_SIGN_STYLE = Automatic;
				INFOPLIST_FILE = Currency_converterUITests/Info.plist;
				LD_RUNPATH_SEARCH_PATHS = (
					"$(inherited)",
					"@executable_path/Frameworks",
					"@loader_path/Frameworks",
				);
				PRODUCT_BUNDLE_IDENTIFIER = "com.dhrubo.testclass.Currency-converterUITests";
				PRODUCT_NAME = "$(TARGET_NAME)";
				TARGETED_DEVICE_FAMILY = "1,2";
				TEST_TARGET_NAME = Currency_converter;
			};
			name = Debug;
		};
		7BF03EA821437D4C0023833B /* Release */ = {
			isa = XCBuildConfiguration;
			buildSettings = {
				CODE_SIGN_STYLE = Automatic;
				INFOPLIST_FILE = Currency_converterUITests/Info.plist;
				LD_RUNPATH_SEARCH_PATHS = (
					"$(inherited)",
					"@executable_path/Frameworks",
					"@loader_path/Frameworks",
				);
				PRODUCT_BUNDLE_IDENTIFIER = "com.dhrubo.testclass.Currency-converterUITests";
				PRODUCT_NAME = "$(TARGET_NAME)";
				TARGETED_DEVICE_FAMILY = "1,2";
				TEST_TARGET_NAME = Currency_converter;
			};
			name = Release;
		};
/* End XCBuildConfiguration section */

/* Begin XCConfigurationList section */
		7BF03E6F21437D490023833B /* Build configuration list for PBXProject "Currency_converter" */ = {
			isa = XCConfigurationList;
			buildConfigurations = (
				7BF03E9E21437D4C0023833B /* Debug */,
				7BF03E9F21437D4C0023833B /* Release */,
			);
			defaultConfigurationIsVisible = 0;
			defaultConfigurationName = Release;
		};
		7BF03EA021437D4C0023833B /* Build configuration list for PBXNativeTarget "Currency_converter" */ = {
			isa = XCConfigurationList;
			buildConfigurations = (
				7BF03EA121437D4C0023833B /* Debug */,
				7BF03EA221437D4C0023833B /* Release */,
			);
			defaultConfigurationIsVisible = 0;
			defaultConfigurationName = Release;
		};
		7BF03EA321437D4C0023833B /* Build configuration list for PBXNativeTarget "Currency_converterTests" */ = {
			isa = XCConfigurationList;
			buildConfigurations = (
				7BF03EA421437D4C0023833B /* Debug */,
				7BF03EA521437D4C0023833B /* Release */,
			);
			defaultConfigurationIsVisible = 0;
			defaultConfigurationName = Release;
		};
		7BF03EA621437D4C0023833B /* Build configuration list for PBXNativeTarget "Currency_converterUITests" */ = {
			isa = XCConfigurationList;
			buildConfigurations = (
				7BF03EA721437D4C0023833B /* Debug */,
				7BF03EA821437D4C0023833B /* Release */,
			);
			defaultConfigurationIsVisible = 0;
			defaultConfigurationName = Release;
		};
/* End XCConfigurationList section */
	};
	rootObject = 7BF03E6C21437D490023833B /* Project object */;
}
